
Microsoft Visual Studio Solution File, Format Version 12.00
# Visual Studio Version 17
VisualStudioVersion = 17.11.35312.102
MinimumVisualStudioVersion = 10.0.40219.1
Project("{FAE04EC0-301F-11D3-BF4B-00C04F79EFBC}") = "RUAP_Projekt", "RUAP_Projekt.csproj", "{47AF7DBC-A37F-4844-BA76-00EA1C91EF27}"
EndProject
Global
	GlobalSection(SolutionConfigurationPlatforms) = preSolution
		Debug|Any CPU = Debug|Any CPU
		Release|Any CPU = Release|Any CPU
	EndGlobalSection
	GlobalSection(ProjectConfigurationPlatforms) = postSolution
		{47AF7DBC-A37F-4844-BA76-00EA1C91EF27}.Debug|Any CPU.ActiveCfg = Debug|Any CPU
		{47AF7DBC-A37F-4844-BA76-00EA1C91EF27}.Debug|Any CPU.Build.0 = Debug|Any CPU
		{47AF7DBC-A37F-4844-BA76-00EA1C91EF27}.Release|Any CPU.ActiveCfg = Release|Any CPU
		{47AF7DBC-A37F-4844-BA76-00EA1C91EF27}.Release|Any CPU.Build.0 = Release|Any CPU
	EndGlobalSection
	GlobalSection(SolutionProperties) = preSolution
		HideSolutionNode = FALSE
	EndGlobalSection
	GlobalSection(ExtensibilityGlobals) = postSolution
		SolutionGuid = {1561B800-65EA-4683-BCD6-355A6BFAFA07}
	EndGlobalSection
EndGlobal
